dependencies:
- name: gitea
  repository: https://dl.gitea.com/charts/
  version: 12.5.0
- name: argo-cd
  repository: https://argoproj.github.io/argo-helm
  version: 7.8.28
- name: crossplane
  repository: https://charts.crossplane.io/stable
  version: 1.18.5
- name: pulumi-kubernetes-operator
  repository: oci://ghcr.io/pulumi/helm-charts
  version: 2.5.1
- name: keda
  repository: https://kedacore.github.io/charts
  version: 2.16.0
digest: sha256:e4fcca1474110d9d75910963a7379de65b43271cc99fb3acb4249162673ead70
generated: "2026-03-20T05:55:27.159248+02:00"
